
Microsoft Visual Studio Solution File, Format Version 12.00
# Visual Studio Version 17
VisualStudioVersion = 17.8.34330.188
MinimumVisualStudioVersion = 10.0.40219.1
Project("{9A19103F-16F7-4668-BE54-9A1E7A4F7556}") = "Words.Server", "Words\Server\Words.Server.csproj", "{774A1BA9-FDD4-4FAF-80A8-4A73A6391C28}"
EndProject
Project("{9A19103F-16F7-4668-BE54-9A1E7A4F7556}") = "Words.Client", "Words\Client\Words.Client.csproj", "{EC072012-FB1C-44C0-B7CF-DE3F2D87B029}"
EndProject
Project("{9A19103F-16F7-4668-BE54-9A1E7A4F7556}") = "Words.Shared", "Words\Shared\Words.Shared.csproj", "{9554A970-9AD2-44DB-B78C-124462E3C468}"
EndProject
Global
	GlobalSection(SolutionConfigurationPlatforms) = preSolution
		Debug|Any CPU = Debug|Any CPU
		Release|Any CPU = Release|Any CPU
	EndGlobalSection
	GlobalSection(ProjectConfigurationPlatforms) = postSolution
		{774A1BA9-FDD4-4FAF-80A8-4A73A6391C28}.Debug|Any CPU.ActiveCfg = Debug|Any CPU
		{774A1BA9-FDD4-4FAF-80A8-4A73A6391C28}.Debug|Any CPU.Build.0 = Debug|Any CPU
		{774A1BA9-FDD4-4FAF-80A8-4A73A6391C28}.Release|Any CPU.ActiveCfg = Release|Any CPU
		{774A1BA9-FDD4-4FAF-80A8-4A73A6391C28}.Release|Any CPU.Build.0 = Release|Any CPU
		{EC072012-FB1C-44C0-B7CF-DE3F2D87B029}.Debug|Any CPU.ActiveCfg = Debug|Any CPU
		{EC072012-FB1C-44C0-B7CF-DE3F2D87B029}.Debug|Any CPU.Build.0 = Debug|Any CPU
		{EC072012-FB1C-44C0-B7CF-DE3F2D87B029}.Release|Any CPU.ActiveCfg = Release|Any CPU
		{EC072012-FB1C-44C0-B7CF-DE3F2D87B029}.Release|Any CPU.Build.0 = Release|Any CPU
		{9554A970-9AD2-44DB-B78C-124462E3C468}.Debug|Any CPU.ActiveCfg = Debug|Any CPU
		{9554A970-9AD2-44DB-B78C-124462E3C468}.Debug|Any CPU.Build.0 = Debug|Any CPU
		{9554A970-9AD2-44DB-B78C-124462E3C468}.Release|Any CPU.ActiveCfg = Release|Any CPU
		{9554A970-9AD2-44DB-B78C-124462E3C468}.Release|Any CPU.Build.0 = Release|Any CPU
	EndGlobalSection
	GlobalSection(SolutionProperties) = preSolution
		HideSolutionNode = FALSE
	EndGlobalSection
	GlobalSection(ExtensibilityGlobals) = postSolution
		SolutionGuid = {3E93C221-7F88-4DAD-B868-DA94D8E84185}
	EndGlobalSection
EndGlobal
